{
  "name": "creapolis",
  "requires": true,
  "lockfileVersion": 1,
  "dependencies": {
    "leaflet.locatecontrol": {
      "version": "0.62.0",
      "resolved": "https://registry.npmjs.org/leaflet.locatecontrol/-/leaflet.locatecontrol-0.62.0.tgz",
      "integrity": "sha512-coatKzdlrWAnlrOyy+38K9VhcSs/r/UDH32Q+mD07wvNAzrfBiaVYJhtHfqUWsVU8xKRuza/1nMbWWH54Ey6Sw=="
    },
    "leaflet.markercluster": {
      "version": "1.3.0",
      "resolved": "https://registry.npmjs.org/leaflet.markercluster/-/leaflet.markercluster-1.3.0.tgz",
      "integrity": "sha512-bHBaI8kTaLrZxI/ZP7pnNaS8WCKKz98BU1//B5OH9b/kTk6IriduvDtMFGlGBYYr/ymuXCB9lO7HsGBr5dSw5w=="
    }
  }
}
